// !$*UTF8*$!
{
	archiveVersion = 1;
	classes = {
	};
	objectVersion = 56;
	objects = {

/* Begin PBXBuildFile section */
		23A64E8A2ACC5312005B6344 /* SwiftDataTCAApp.swift in Sources */ = {isa = PBXBuildFile; fileRef = 23A64E892ACC5312005B6344 /* SwiftDataTCAApp.swift */; };
		23A64E902ACC5313005B6344 /* Assets.xcassets in Resources */ = {isa = PBXBuildFile; fileRef = 23A64E8F2ACC5313005B6344 /* Assets.xcassets */; };
		23A64E942ACC5313005B6344 /* Preview Assets.xcassets in Resources */ = {isa = PBXBuildFile; fileRef = 23A64E932ACC5313005B6344 /* Preview Assets.xcassets */; };
		23A64E9D2ACC5DFE005B6344 /* ComposableArchitecture in Frameworks */ = {isa = PBXBuildFile; productRef = 23A64E9C2ACC5DFE005B6344 /* ComposableArchitecture */; };
		23A64E9F2ACC5E16005B6344 /* ContentView.swift in Sources */ = {isa = PBXBuildFile; fileRef = 23A64E9E2ACC5E16005B6344 /* ContentView.swift */; };
		23A64EA72ACF5812005B6344 /* MovieDatabase.swift in Sources */ = {isa = PBXBuildFile; fileRef = 23A64EA62ACF5812005B6344 /* MovieDatabase.swift */; };
		23A64EA92ACF5855005B6344 /* Database.swift in Sources */ = {isa = PBXBuildFile; fileRef = 23A64EA82ACF5855005B6344 /* Database.swift */; };
		23A64EAD2AD1AB46005B6344 /* MovieMigration.swift in Sources */ = {isa = PBXBuildFile; fileRef = 23A64EAC2AD1AB46005B6344 /* MovieMigration.swift */; };
/* End PBXBuildFile section */

/* Begin PBXFileReference section */
		23A64E862ACC5312005B6344 /* SwiftDataTCA.app */ = {isa = PBXFileReference; explicitFileType = wrapper.application; includeInIndex = 0; path = SwiftDataTCA.app; sourceTree = BUILT_PRODUCTS_DIR; };
		23A64E892ACC5312005B6344 /* SwiftDataTCAApp.swift */ = {isa = PBXFileReference; lastKnownFileType = sourcecode.swift; path = SwiftDataTCAApp.swift; sourceTree = "<group>"; };
		23A64E8F2ACC5313005B6344 /* Assets.xcassets */ = {isa = PBXFileReference; lastKnownFileType = folder.assetcatalog; path = Assets.xcassets; sourceTree = "<group>"; };
		23A64E912ACC5313005B6344 /* SwiftDataTCA.entitlements */ = {isa = PBXFileReference; lastKnownFileType = text.plist.entitlements; path = SwiftDataTCA.entitlements; sourceTree = "<group>"; };
		23A64E932ACC5313005B6344 /* Preview Assets.xcassets */ = {isa = PBXFileReference; lastKnownFileType = folder.assetcatalog; path = "Preview Assets.xcassets"; sourceTree = "<group>"; };
		23A64E952ACC5313005B6344 /* Info.plist */ = {isa = PBXFileReference; lastKnownFileType = text.plist.xml; path = Info.plist; sourceTree = "<group>"; };
		23A64E9E2ACC5E16005B6344 /* ContentView.swift */ = {isa = PBXFileReference; lastKnownFileType = sourcecode.swift; path = ContentView.swift; sourceTree = "<group>"; };
		23A64EA62ACF5812005B6344 /* MovieDatabase.swift */ = {isa = PBXFileReference; lastKnownFileType = sourcecode.swift; path = MovieDatabase.swift; sourceTree = "<group>"; };
		23A64EA82ACF5855005B6344 /* Database.swift */ = {isa = PBXFileReference; lastKnownFileType = sourcecode.swift; path = Database.swift; sourceTree = "<group>"; };
		23A64EAC2AD1AB46005B6344 /* MovieMigration.swift */ = {isa = PBXFileReference; lastKnownFileType = sourcecode.swift; path = MovieMigration.swift; sourceTree = "<group>"; };
/* End PBXFileReference section */

/* Begin PBXFrameworksBuildPhase section */
		23A64E832ACC5312005B6344 /* Frameworks */ = {
			isa = PBXFrameworksBuildPhase;
			buildActionMask = 2147483647;
			files = (
				23A64E9D2ACC5DFE005B6344 /* ComposableArchitecture in Frameworks */,
			);
			runOnlyForDeploymentPostprocessing = 0;
		};
/* End PBXFrameworksBuildPhase section */

/* Begin PBXGroup section */
		23A64E7D2ACC5312005B6344 = {
			isa = PBXGroup;
			children = (
				23A64E882ACC5312005B6344 /* SwiftDataTCA */,
				23A64E872ACC5312005B6344 /* Products */,
			);
			sourceTree = "<group>";
		};
		23A64E872ACC5312005B6344 /* Products */ = {
			isa = PBXGroup;
			children = (
				23A64E862ACC5312005B6344 /* SwiftDataTCA.app */,
			);
			name = Products;
			sourceTree = "<group>";
		};
		23A64E882ACC5312005B6344 /* SwiftDataTCA */ = {
			isa = PBXGroup;
			children = (
				23A64EAA2AD0CCE4005B6344 /* View */,
				23A64EA52ACF5803005B6344 /* Service */,
				23A64E892ACC5312005B6344 /* SwiftDataTCAApp.swift */,
				23A64E8F2ACC5313005B6344 /* Assets.xcassets */,
				23A64E912ACC5313005B6344 /* SwiftDataTCA.entitlements */,
				23A64E952ACC5313005B6344 /* Info.plist */,
				23A64E922ACC5313005B6344 /* Preview Content */,
			);
			path = SwiftDataTCA;
			sourceTree = "<group>";
		};
		23A64E922ACC5313005B6344 /* Preview Content */ = {
			isa = PBXGroup;
			children = (
				23A64E932ACC5313005B6344 /* Preview Assets.xcassets */,
			);
			path = "Preview Content";
			sourceTree = "<group>";
		};
		23A64EA52ACF5803005B6344 /* Service */ = {
			isa = PBXGroup;
			children = (
				23A64EA62ACF5812005B6344 /* MovieDatabase.swift */,
				23A64EA82ACF5855005B6344 /* Database.swift */,
			);
			path = Service;
			sourceTree = "<group>";
		};
		23A64EAA2AD0CCE4005B6344 /* View */ = {
			isa = PBXGroup;
			children = (
				23A64EAB2AD1AB36005B6344 /* Migrations */,
				23A64E9E2ACC5E16005B6344 /* ContentView.swift */,
			);
			path = View;
			sourceTree = "<group>";
		};
		23A64EAB2AD1AB36005B6344 /* Migrations */ = {
			isa = PBXGroup;
			children = (
				23A64EAC2AD1AB46005B6344 /* MovieMigration.swift */,
			);
			path = Migrations;
			sourceTree = "<group>";
		};
/* End PBXGroup section */

/* Begin PBXNativeTarget section */
		23A64E852ACC5312005B6344 /* SwiftDataTCA */ = {
			isa = PBXNativeTarget;
			buildConfigurationList = 23A64E982ACC5313005B6344 /* Build configuration list for PBXNativeTarget "SwiftDataTCA" */;
			buildPhases = (
				23A64E822ACC5312005B6344 /* Sources */,
				23A64E832ACC5312005B6344 /* Frameworks */,
				23A64E842ACC5312005B6344 /* Resources */,
			);
			buildRules = (
			);
			dependencies = (
			);
			name = SwiftDataTCA;
			packageProductDependencies = (
				23A64E9C2ACC5DFE005B6344 /* ComposableArchitecture */,
			);
			productName = SwiftDataTCA;
			productReference = 23A64E862ACC5312005B6344 /* SwiftDataTCA.app */;
			productType = "com.apple.product-type.application";
		};
/* End PBXNativeTarget section */

/* Begin PBXProject section */
		23A64E7E2ACC5312005B6344 /* Project object */ = {
			isa = PBXProject;
			attributes = {
				BuildIndependentTargetsInParallel = 1;
				LastSwiftUpdateCheck = 1500;
				LastUpgradeCheck = 1500;
				TargetAttributes = {
					23A64E852ACC5312005B6344 = {
						CreatedOnToolsVersion = 15.0;
					};
				};
			};
			buildConfigurationList = 23A64E812ACC5312005B6344 /* Build configuration list for PBXProject "SwiftDataTCA" */;
			compatibilityVersion = "Xcode 14.0";
			developmentRegion = en;
			hasScannedForEncodings = 0;
			knownRegions = (
				en,
				Base,
			);
			mainGroup = 23A64E7D2ACC5312005B6344;
			packageReferences = (
				23A64E9B2ACC5DFE005B6344 /* XCRemoteSwiftPackageReference "swift-composable-architecture" */,
			);
			productRefGroup = 23A64E872ACC5312005B6344 /* Products */;
			projectDirPath = "";
			projectRoot = "";
			targets = (
				23A64E852ACC5312005B6344 /* SwiftDataTCA */,
			);
		};
/* End PBXProject section */

/* Begin PBXResourcesBuildPhase section */
		23A64E842ACC5312005B6344 /* Resources */ = {
			isa = PBXResourcesBuildPhase;
			buildActionMask = 2147483647;
			files = (
				23A64E942ACC5313005B6344 /* Preview Assets.xcassets in Resources */,
				23A64E902ACC5313005B6344 /* Assets.xcassets in Resources */,
			);
			runOnlyForDeploymentPostprocessing = 0;
		};
/* End PBXResourcesBuildPhase section */

/* Begin PBXSourcesBuildPhase section */
		23A64E822ACC5312005B6344 /* Sources */ = {
			isa = PBXSourcesBuildPhase;
			buildActionMask = 2147483647;
			files = (
				23A64EA72ACF5812005B6344 /* MovieDatabase.swift in Sources */,
				23A64E9F2ACC5E16005B6344 /* ContentView.swift in Sources */,
				23A64EAD2AD1AB46005B6344 /* MovieMigration.swift in Sources */,
				23A64EA92ACF5855005B6344 /* Database.swift in Sources */,
				23A64E8A2ACC5312005B6344 /* SwiftDataTCAApp.swift in Sources */,
			);
			runOnlyForDeploymentPostprocessing = 0;
		};
/* End PBXSourcesBuildPhase section */

/* Begin XCBuildConfiguration section */
		23A64E962ACC5313005B6344 /* Debug */ = {
			isa = XCBuildConfiguration;
			buildSettings = {
				ALWAYS_SEARCH_USER_PATHS = NO;
				ASSETCATALOG_COMPILER_GENERATE_SWIFT_ASSET_SYMBOL_EXTENSIONS = YES;
				CLANG_ANALYZER_NONNULL = YES;
				CLANG_ANALYZER_NUMBER_OBJECT_CONVERSION = YES_AGGRESSIVE;
				CLANG_CXX_LANGUAGE_STANDARD = "gnu++20";
				CLANG_ENABLE_MODULES = YES;
				CLANG_ENABLE_OBJC_ARC = YES;
				CLANG_ENABLE_OBJC_WEAK = YES;
				CLANG_WARN_BLOCK_CAPTURE_AUTORELEASING = YES;
				CLANG_WARN_BOOL_CONVERSION = YES;
				CLANG_WARN_COMMA = YES;
				CLANG_WARN_CONSTANT_CONVERSION = YES;
				CLANG_WARN_DEPRECATED_OBJC_IMPLEMENTATIONS = YES;
				CLANG_WARN_DIRECT_OBJC_ISA_USAGE = YES_ERROR;
				CLANG_WARN_DOCUMENTATION_COMMENTS = YES;
				CLANG_WARN_EMPTY_BODY = YES;
				CLANG_WARN_ENUM_CONVERSION = YES;
				CLANG_WARN_INFINITE_RECURSION = YES;
				CLANG_WARN_INT_CONVERSION = YES;
				CLANG_WARN_NON_LITERAL_NULL_CONVERSION = YES;
				CLANG_WARN_OBJC_IMPLICIT_RETAIN_SELF = YES;
				CLANG_WARN_OBJC_LITERAL_CONVERSION = YES;
				CLANG_WARN_OBJC_ROOT_CLASS = YES_ERROR;
				CLANG_WARN_QUOTED_INCLUDE_IN_FRAMEWORK_HEADER = YES;
				CLANG_WARN_RANGE_LOOP_ANALYSIS = YES;
				CLANG_WARN_STRICT_PROTOTYPES = YES;
				CLANG_WARN_SUSPICIOUS_MOVE = YES;
				CLANG_WARN_UNGUARDED_AVAILABILITY = YES_AGGRESSIVE;
				CLANG_WARN_UNREACHABLE_CODE = YES;
				CLANG_WARN__DUPLICATE_METHOD_MATCH = YES;
				COPY_PHASE_STRIP = NO;
				DEBUG_INFORMATION_FORMAT = dwarf;
				ENABLE_STRICT_OBJC_MSGSEND = YES;
				ENABLE_TESTABILITY = YES;
				ENABLE_USER_SCRIPT_SANDBOXING = YES;
				GCC_C_LANGUAGE_STANDARD = gnu17;
				GCC_DYNAMIC_NO_PIC = NO;
				GCC_NO_COMMON_BLOCKS = YES;
				GCC_OPTIMIZATION_LEVEL = 0;
				GCC_PREPROCESSOR_DEFINITIONS = (
					"DEBUG=1",
					"$(inherited)",
				);
				GCC_WARN_64_TO_32_BIT_CONVERSION = YES;
				GCC_WARN_ABOUT_RETURN_TYPE = YES_ERROR;
				GCC_WARN_UNDECLARED_SELECTOR = YES;
				GCC_WARN_UNINITIALIZED_AUTOS = YES_AGGRESSIVE;
				GCC_WARN_UNUSED_FUNCTION = YES;
				GCC_WARN_UNUSED_VARIABLE = YES;
				LOCALIZATION_PREFERS_STRING_CATALOGS = YES;
				MTL_ENABLE_DEBUG_INFO = INCLUDE_SOURCE;
				MTL_FAST_MATH = YES;
				ONLY_ACTIVE_ARCH = YES;
				SWIFT_ACTIVE_COMPILATION_CONDITIONS = "DEBUG $(inherited)";
				SWIFT_OPTIMIZATION_LEVEL = "-Onone";
			};
			name = Debug;
		};
		23A64E972ACC5313005B6344 /* Release */ = {
			isa = XCBuildConfiguration;
			buildSettings = {
				ALWAYS_SEARCH_USER_PATHS = NO;
				ASSETCATALOG_COMPILER_GENERATE_SWIFT_ASSET_SYMBOL_EXTENSIONS = YES;
				CLANG_ANALYZER_NONNULL = YES;
				CLANG_ANALYZER_NUMBER_OBJECT_CONVERSION = YES_AGGRESSIVE;
				CLANG_CXX_LANGUAGE_STANDARD = "gnu++20";
				CLANG_ENABLE_MODULES = YES;
				CLANG_ENABLE_OBJC_ARC = YES;
				CLANG_ENABLE_OBJC_WEAK = YES;
				CLANG_WARN_BLOCK_CAPTURE_AUTORELEASING = YES;
				CLANG_WARN_BOOL_CONVERSION = YES;
				CLANG_WARN_COMMA = YES;
				CLANG_WARN_CONSTANT_CONVERSION = YES;
				CLANG_WARN_DEPRECATED_OBJC_IMPLEMENTATIONS = YES;
				CLANG_WARN_DIRECT_OBJC_ISA_USAGE = YES_ERROR;
				CLANG_WARN_DOCUMENTATION_COMMENTS = YES;
				CLANG_WARN_EMPTY_BODY = YES;
				CLANG_WARN_ENUM_CONVERSION = YES;
				CLANG_WARN_INFINITE_RECURSION = YES;
				CLANG_WARN_INT_CONVERSION = YES;
				CLANG_WARN_NON_LITERAL_NULL_CONVERSION = YES;
				CLANG_WARN_OBJC_IMPLICIT_RETAIN_SELF = YES;
				CLANG_WARN_OBJC_LITERAL_CONVERSION = YES;
				CLANG_WARN_OBJC_ROOT_CLASS = YES_ERROR;
				CLANG_WARN_QUOTED_INCLUDE_IN_FRAMEWORK_HEADER = YES;
				CLANG_WARN_RANGE_LOOP_ANALYSIS = YES;
				CLANG_WARN_STRICT_PROTOTYPES = YES;
				CLANG_WARN_SUSPICIOUS_MOVE = YES;
				CLANG_WARN_UNGUARDED_AVAILABILITY = YES_AGGRESSIVE;
				CLANG_WARN_UNREACHABLE_CODE = YES;
				CLANG_WARN__DUPLICATE_METHOD_MATCH = YES;
				COPY_PHASE_STRIP = NO;
				DEBUG_INFORMATION_FORMAT = "dwarf-with-dsym";
				ENABLE_NS_ASSERTIONS = NO;
				ENABLE_STRICT_OBJC_MSGSEND = YES;
				ENABLE_USER_SCRIPT_SANDBOXING = YES;
				GCC_C_LANGUAGE_STANDARD = gnu17;
				GCC_NO_COMMON_BLOCKS = YES;
				GCC_WARN_64_TO_32_BIT_CONVERSION = YES;
				GCC_WARN_ABOUT_RETURN_TYPE = YES_ERROR;
				GCC_WARN_UNDECLARED_SELECTOR = YES;
				GCC_WARN_UNINITIALIZED_AUTOS = YES_AGGRESSIVE;
				GCC_WARN_UNUSED_FUNCTION = YES;
				GCC_WARN_UNUSED_VARIABLE = YES;
				LOCALIZATION_PREFERS_STRING_CATALOGS = YES;
				MTL_ENABLE_DEBUG_INFO = NO;
				MTL_FAST_MATH = YES;
				SWIFT_COMPILATION_MODE = wholemodule;
			};
			name = Release;
		};
		23A64E992ACC5313005B6344 /* Debug */ = {
			isa = XCBuildConfiguration;
			buildSettings = {
				ASSETCATALOG_COMPILER_APPICON_NAME = AppIcon;
				ASSETCATALOG_COMPILER_GLOBAL_ACCENT_COLOR_NAME = AccentColor;
				CODE_SIGN_ENTITLEMENTS = SwiftDataTCA/SwiftDataTCA.entitlements;
				CODE_SIGN_STYLE = Automatic;
				CURRENT_PROJECT_VERSION = 1;
				DEVELOPMENT_ASSET_PATHS = "\"SwiftDataTCA/Preview Content\"";
				DEVELOPMENT_TEAM = 2KMN827G7Y;
				ENABLE_PREVIEWS = YES;
				GENERATE_INFOPLIST_FILE = YES;
				INFOPLIST_FILE = SwiftDataTCA/Info.plist;
				"INFOPLIST_KEY_UIApplicationSceneManifest_Generation[sdk=iphoneos*]" = YES;
				"INFOPLIST_KEY_UIApplicationSceneManifest_Generation[sdk=iphonesimulator*]" = YES;
				"INFOPLIST_KEY_UIApplicationSupportsIndirectInputEvents[sdk=iphoneos*]" = YES;
				"INFOPLIST_KEY_UIApplicationSupportsIndirectInputEvents[sdk=iphonesimulator*]" = YES;
				"INFOPLIST_KEY_UILaunchScreen_Generation[sdk=iphoneos*]" = YES;
				"INFOPLIST_KEY_UILaunchScreen_Generation[sdk=iphonesimulator*]" = YES;
				"INFOPLIST_KEY_UIStatusBarStyle[sdk=iphoneos*]" = UIStatusBarStyleDefault;
				"INFOPLIST_KEY_UIStatusBarStyle[sdk=iphonesimulator*]" = UIStatusBarStyleDefault;
				INFOPLIST_KEY_UISupportedInterfaceOrientations_iPad = "UIInterfaceOrientationPortrait UIInterfaceOrientationPortraitUpsideDown UIInterfaceOrientationLandscapeLeft UIInterfaceOrientationLandscapeRight";
				INFOPLIST_KEY_UISupportedInterfaceOrientations_iPhone = "UIInterfaceOrientationPortrait UIInterfaceOrientationLandscapeLeft UIInterfaceOrientationLandscapeRight";
				IPHONEOS_DEPLOYMENT_TARGET = 17.0;
				LD_RUNPATH_SEARCH_PATHS = "@executable_path/Frameworks";
				"LD_RUNPATH_SEARCH_PATHS[sdk=macosx*]" = "@executable_path/../Frameworks";
				MACOSX_DEPLOYMENT_TARGET = 14.0;
				MARKETING_VERSION = 1.0;
				PRODUCT_BUNDLE_IDENTIFIER = io.DandyLyons.SwiftDataTCA;
				PRODUCT_NAME = "$(TARGET_NAME)";
				SDKROOT = auto;
				SUPPORTED_PLATFORMS = "iphoneos iphonesimulator macosx";
				SWIFT_EMIT_LOC_STRINGS = YES;
				SWIFT_VERSION = 5.0;
				TARGETED_DEVICE_FAMILY = "1,2";
			};
			name = Debug;
		};
		23A64E9A2ACC5313005B6344 /* Release */ = {
			isa = XCBuildConfiguration;
			buildSettings = {
				ASSETCATALOG_COMPILER_APPICON_NAME = AppIcon;
				ASSETCATALOG_COMPILER_GLOBAL_ACCENT_COLOR_NAME = AccentColor;
				CODE_SIGN_ENTITLEMENTS = SwiftDataTCA/SwiftDataTCA.entitlements;
				CODE_SIGN_STYLE = Automatic;
				CURRENT_PROJECT_VERSION = 1;
				DEVELOPMENT_ASSET_PATHS = "\"SwiftDataTCA/Preview Content\"";
				DEVELOPMENT_TEAM = 2KMN827G7Y;
				ENABLE_PREVIEWS = YES;
				GENERATE_INFOPLIST_FILE = YES;
				INFOPLIST_FILE = SwiftDataTCA/Info.plist;
				"INFOPLIST_KEY_UIApplicationSceneManifest_Generation[sdk=iphoneos*]" = YES;
				"INFOPLIST_KEY_UIApplicationSceneManifest_Generation[sdk=iphonesimulator*]" = YES;
				"INFOPLIST_KEY_UIApplicationSupportsIndirectInputEvents[sdk=iphoneos*]" = YES;
				"INFOPLIST_KEY_UIApplicationSupportsIndirectInputEvents[sdk=iphonesimulator*]" = YES;
				"INFOPLIST_KEY_UILaunchScreen_Generation[sdk=iphoneos*]" = YES;
				"INFOPLIST_KEY_UILaunchScreen_Generation[sdk=iphonesimulator*]" = YES;
				"INFOPLIST_KEY_UIStatusBarStyle[sdk=iphoneos*]" = UIStatusBarStyleDefault;
				"INFOPLIST_KEY_UIStatusBarStyle[sdk=iphonesimulator*]" = UIStatusBarStyleDefault;
				INFOPLIST_KEY_UISupportedInterfaceOrientations_iPad = "UIInterfaceOrientationPortrait UIInterfaceOrientationPortraitUpsideDown UIInterfaceOrientationLandscapeLeft UIInterfaceOrientationLandscapeRight";
				INFOPLIST_KEY_UISupportedInterfaceOrientations_iPhone = "UIInterfaceOrientationPortrait UIInterfaceOrientationLandscapeLeft UIInterfaceOrientationLandscapeRight";
				IPHONEOS_DEPLOYMENT_TARGET = 17.0;
				LD_RUNPATH_SEARCH_PATHS = "@executable_path/Frameworks";
				"LD_RUNPATH_SEARCH_PATHS[sdk=macosx*]" = "@executable_path/../Frameworks";
				MACOSX_DEPLOYMENT_TARGET = 14.0;
				MARKETING_VERSION = 1.0;
				PRODUCT_BUNDLE_IDENTIFIER = io.DandyLyons.SwiftDataTCA;
				PRODUCT_NAME = "$(TARGET_NAME)";
				SDKROOT = auto;
				SUPPORTED_PLATFORMS = "iphoneos iphonesimulator macosx";
				SWIFT_EMIT_LOC_STRINGS = YES;
				SWIFT_VERSION = 5.0;
				TARGETED_DEVICE_FAMILY = "1,2";
			};
			name = Release;
		};
/* End XCBuildConfiguration section */

/* Begin XCConfigurationList section */
		23A64E812ACC5312005B6344 /* Build configuration list for PBXProject "SwiftDataTCA" */ = {
			isa = XCConfigurationList;
			buildConfigurations = (
				23A64E962ACC5313005B6344 /* Debug */,
				23A64E972ACC5313005B6344 /* Release */,
			);
			defaultConfigurationIsVisible = 0;
			defaultConfigurationName = Release;
		};
		23A64E982ACC5313005B6344 /* Build configuration list for PBXNativeTarget "SwiftDataTCA" */ = {
			isa = XCConfigurationList;
			buildConfigurations = (
				23A64E992ACC5313005B6344 /* Debug */,
				23A64E9A2ACC5313005B6344 /* Release */,
			);
			defaultConfigurationIsVisible = 0;
			defaultConfigurationName = Release;
		};
/* End XCConfigurationList section */

/* Begin XCRemoteSwiftPackageReference section */
		23A64E9B2ACC5DFE005B6344 /* XCRemoteSwiftPackageReference "swift-composable-architecture" */ = {
			isa = XCRemoteSwiftPackageReference;
			repositoryURL = "https://github.com/pointfreeco/swift-composable-architecture";
			requirement = {
				kind = upToNextMajorVersion;
				minimumVersion = 1.2.0;
			};
		};
/* End XCRemoteSwiftPackageReference section */

/* Begin XCSwiftPackageProductDependency section */
		23A64E9C2ACC5DFE005B6344 /* ComposableArchitecture */ = {
			isa = XCSwiftPackageProductDependency;
			package = 23A64E9B2ACC5DFE005B6344 /* XCRemoteSwiftPackageReference "swift-composable-architecture" */;
			productName = ComposableArchitecture;
		};
/* End XCSwiftPackageProductDependency section */
	};
	rootObject = 23A64E7E2ACC5312005B6344 /* Project object */;
}
